
Microsoft Visual Studio Solution File, Format Version 12.00
Project("{FAE04EC0-301F-11D3-BF4B-00C04F79EFBC}") = "LexiconGarage", "LexiconGarage\LexiconGarage.csproj", "{34FD46ED-7CB1-4691-A73B-04DE9695BD41}"
EndProject
Project("{FAE04EC0-301F-11D3-BF4B-00C04F79EFBC}") = "GarageTest", "GarageTest\GarageTest.csproj", "{9C39EE37-D4BE-4C4F-B186-6EA62B0517D7}"
EndProject
Project("{FAE04EC0-301F-11D3-BF4B-00C04F79EFBC}") = "AvaloniaApplication", "AvaloniaApplication\AvaloniaApplication.csproj", "{178E2579-0313-4C5F-AC35-CFC59E04B2CD}"
EndProject
Global
	GlobalSection(SolutionConfigurationPlatforms) = preSolution
		Debug|Any CPU = Debug|Any CPU
		Release|Any CPU = Release|Any CPU
	EndGlobalSection
	GlobalSection(ProjectConfigurationPlatforms) = postSolution
		{34FD46ED-7CB1-4691-A73B-04DE9695BD41}.Debug|Any CPU.ActiveCfg = Debug|Any CPU
		{34FD46ED-7CB1-4691-A73B-04DE9695BD41}.Debug|Any CPU.Build.0 = Debug|Any CPU
		{34FD46ED-7CB1-4691-A73B-04DE9695BD41}.Release|Any CPU.ActiveCfg = Release|Any CPU
		{34FD46ED-7CB1-4691-A73B-04DE9695BD41}.Release|Any CPU.Build.0 = Release|Any CPU
		{9C39EE37-D4BE-4C4F-B186-6EA62B0517D7}.Debug|Any CPU.ActiveCfg = Debug|Any CPU
		{9C39EE37-D4BE-4C4F-B186-6EA62B0517D7}.Debug|Any CPU.Build.0 = Debug|Any CPU
		{9C39EE37-D4BE-4C4F-B186-6EA62B0517D7}.Release|Any CPU.ActiveCfg = Release|Any CPU
		{9C39EE37-D4BE-4C4F-B186-6EA62B0517D7}.Release|Any CPU.Build.0 = Release|Any CPU
		{178E2579-0313-4C5F-AC35-CFC59E04B2CD}.Debug|Any CPU.ActiveCfg = Debug|Any CPU
		{178E2579-0313-4C5F-AC35-CFC59E04B2CD}.Debug|Any CPU.Build.0 = Debug|Any CPU
		{178E2579-0313-4C5F-AC35-CFC59E04B2CD}.Release|Any CPU.ActiveCfg = Release|Any CPU
		{178E2579-0313-4C5F-AC35-CFC59E04B2CD}.Release|Any CPU.Build.0 = Release|Any CPU
	EndGlobalSection
EndGlobal
